
Microsoft Visual Studio Solution File, Format Version 12.00
# Visual Studio Version 17
VisualStudioVersion = 17.8.34511.84
MinimumVisualStudioVersion = 10.0.40219.1
Project("{8BC9CEB8-8B4A-11D0-8D11-00A0C91BC942}") = "ZADACHA1", "ZADACHA1.vcxproj", "{7F990C89-0C66-42DA-9216-A76EA77BA990}"
EndProject
Global
	GlobalSection(SolutionConfigurationPlatforms) = preSolution
		Debug|x64 = Debug|x64
		Debug|x86 = Debug|x86
		Release|x64 = Release|x64
		Release|x86 = Release|x86
	EndGlobalSection
	GlobalSection(ProjectConfigurationPlatforms) = postSolution
		{7F990C89-0C66-42DA-9216-A76EA77BA990}.Debug|x64.ActiveCfg = Debug|x64
		{7F990C89-0C66-42DA-9216-A76EA77BA990}.Debug|x64.Build.0 = Debug|x64
		{7F990C89-0C66-42DA-9216-A76EA77BA990}.Debug|x86.ActiveCfg = Debug|Win32
		{7F990C89-0C66-42DA-9216-A76EA77BA990}.Debug|x86.Build.0 = Debug|Win32
		{7F990C89-0C66-42DA-9216-A76EA77BA990}.Release|x64.ActiveCfg = Release|x64
		{7F990C89-0C66-42DA-9216-A76EA77BA990}.Release|x64.Build.0 = Release|x64
		{7F990C89-0C66-42DA-9216-A76EA77BA990}.Release|x86.ActiveCfg = Release|Win32
		{7F990C89-0C66-42DA-9216-A76EA77BA990}.Release|x86.Build.0 = Release|Win32
	EndGlobalSection
	GlobalSection(SolutionProperties) = preSolution
		HideSolutionNode = FALSE
	EndGlobalSection
	GlobalSection(ExtensibilityGlobals) = postSolution
		SolutionGuid = {3ED9BA0E-1D36-4B96-A6DE-6CB5D6374E55}
	EndGlobalSection
EndGlobal
